
Microsoft Visual Studio Solution File, Format Version 12.00
# Visual Studio Version 17
VisualStudioVersion = 17.5.33530.505
MinimumVisualStudioVersion = 10.0.40219.1
Project("{FAE04EC0-301F-11D3-BF4B-00C04F79EFBC}") = "AlgoritmosOrdenacao", "AlgoritmosOrdenacao.csproj", "{D7927682-0976-4995-8E21-C6248EB23952}"
EndProject
Global
	GlobalSection(SolutionConfigurationPlatforms) = preSolution
		Debug|Any CPU = Debug|Any CPU
		Release|Any CPU = Release|Any CPU
	EndGlobalSection
	GlobalSection(ProjectConfigurationPlatforms) = postSolution
		{D7927682-0976-4995-8E21-C6248EB23952}.Debug|Any CPU.ActiveCfg = Debug|Any CPU
		{D7927682-0976-4995-8E21-C6248EB23952}.Debug|Any CPU.Build.0 = Debug|Any CPU
		{D7927682-0976-4995-8E21-C6248EB23952}.Release|Any CPU.ActiveCfg = Release|Any CPU
		{D7927682-0976-4995-8E21-C6248EB23952}.Release|Any CPU.Build.0 = Release|Any CPU
	EndGlobalSection
	GlobalSection(SolutionProperties) = preSolution
		HideSolutionNode = FALSE
	EndGlobalSection
	GlobalSection(ExtensibilityGlobals) = postSolution
		SolutionGuid = {8DB4BDA5-8479-4596-8FF9-FF06B4A80B5E}
	EndGlobalSection
EndGlobal
